{
  "originHash" : "4d61ea28bf8d791b107708f27981b7f27eef95b59cd53a166e271fbc461d7991",
  "pins" : [
    {
      "identity" : "wwwebview_chartjs",
      "kind" : "remoteSourceControl",
      "location" : "https://github.com/William-Weng/WWWebView_ChartJS",
      "state" : {
        "revision" : "eb4f593dd9e16d131cd72cad9e164f1188a69a53",
        "version" : "0.5.1"
      }
    }
  ],
  "version" : 3
}
