{
  "originHash" : "4d61ea28bf8d791b107708f27981b7f27eef95b59cd53a166e271fbc461d7991",
  "pins" : [
    {
      "identity" : "wwwebview_chartjs",
      "kind" : "remoteSourceControl",
      "location" : "https://github.com/William-Weng/WWWebView_ChartJS",
      "state" : {
        "revision" : "d48755f371cdf052be4012305ceb85b6a73ae0d8",
        "version" : "0.7.0"
      }
    }
  ],
  "version" : 3
}
